# This file is automatically @generated by Cargo.
# It is not intended for manual editing.
version = 3

[[package]]
name = "tz_nft_auction"
version = "0.1.0"
dependencies = [
 "uid",
]

[[package]]
name = "uid"
version = "0.1.7"
source = "registry+https://github.com/rust-lang/crates.io-index"
checksum = "281a11e4180ee68f8c06a7bf82d1be3c496e0debcadcc4576cc0b56132201edf"
